// !$*UTF8*$!
{
	archiveVersion = 1;
	classes = {
	};
	objectVersion = 46;
	objects = {

/* Begin PBXBuildFile section */
		3F0BB48B1D3EEFED002E38DD /* WeigthedQuickUnion.swift in Sources */ = {isa = PBXBuildFile; fileRef = 3F0BB48A1D3EEFED002E38DD /* WeigthedQuickUnion.swift */; };
		3F0BB48D1D3EF4E5002E38DD /* WeightedQuickUnionFindWithPathCompression.swift in Sources */ = {isa = PBXBuildFile; fileRef = 3F0BB48C1D3EF4E5002E38DD /* WeightedQuickUnionFindWithPathCompression.swift */; };
		3F1C0A641D3D947700E5D621 /* AppDelegate.swift in Sources */ = {isa = PBXBuildFile; fileRef = 3F1C0A631D3D947700E5D621 /* AppDelegate.swift */; };
		3F1C0A661D3D947700E5D621 /* ViewController.swift in Sources */ = {isa = PBXBuildFile; fileRef = 3F1C0A651D3D947700E5D621 /* ViewController.swift */; };
		3F1C0A691D3D947700E5D621 /* Main.storyboard in Resources */ = {isa = PBXBuildFile; fileRef = 3F1C0A671D3D947700E5D621 /* Main.storyboard */; };
		3F1C0A6B1D3D947700E5D621 /* Assets.xcassets in Resources */ = {isa = PBXBuildFile; fileRef = 3F1C0A6A1D3D947700E5D621 /* Assets.xcassets */; };
		3F1C0A6E1D3D947700E5D621 /* LaunchScreen.storyboard in Resources */ = {isa = PBXBuildFile; fileRef = 3F1C0A6C1D3D947700E5D621 /* LaunchScreen.storyboard */; };
		3F1C0A791D3D947800E5D621 /* UnionFindAlgorithmTests.swift in Sources */ = {isa = PBXBuildFile; fileRef = 3F1C0A781D3D947800E5D621 /* UnionFindAlgorithmTests.swift */; };
		3F1C0A841D3D947800E5D621 /* UnionFindAlgorithmUITests.swift in Sources */ = {isa = PBXBuildFile; fileRef = 3F1C0A831D3D947800E5D621 /* UnionFindAlgorithmUITests.swift */; };
		3F1C0A921D3D948E00E5D621 /* QuickFind.swift in Sources */ = {isa = PBXBuildFile; fileRef = 3F1C0A911D3D948E00E5D621 /* QuickFind.swift */; };
		3F1C0A941D3DD42300E5D621 /* QuickUnion.swift in Sources */ = {isa = PBXBuildFile; fileRef = 3F1C0A931D3DD42300E5D621 /* QuickUnion.swift */; };
/* End PBXBuildFile section */

/* Begin PBXContainerItemProxy section */
		3F1C0A751D3D947800E5D621 /* PBXContainerItemProxy */ = {
			isa = PBXContainerItemProxy;
			containerPortal = 3F1C0A581D3D947700E5D621 /* Project object */;
			proxyType = 1;
			remoteGlobalIDString = 3F1C0A5F1D3D947700E5D621;
			remoteInfo = UnionFindAlgorithm;
		};
		3F1C0A801D3D947800E5D621 /* PBXContainerItemProxy */ = {
			isa = PBXContainerItemProxy;
			containerPortal = 3F1C0A581D3D947700E5D621 /* Project object */;
			proxyType = 1;
			remoteGlobalIDString = 3F1C0A5F1D3D947700E5D621;
			remoteInfo = UnionFindAlgorithm;
		};
/* End PBXContainerItemProxy section */

/* Begin PBXFileReference section */
		3F0BB48A1D3EEFED002E38DD /* WeigthedQuickUnion.swift */ = {isa = PBXFileReference; fileEncoding = 4; lastKnownFileType = sourcecode.swift; path = WeigthedQuickUnion.swift; sourceTree = "<group>"; };
		3F0BB48C1D3EF4E5002E38DD /* WeightedQuickUnionFindWithPathCompression.swift */ = {isa = PBXFileReference; fileEncoding = 4; lastKnownFileType = sourcecode.swift; path = WeightedQuickUnionFindWithPathCompression.swift; sourceTree = "<group>"; };
		3F1C0A601D3D947700E5D621 /* UnionFindAlgorithm.app */ = {isa = PBXFileReference; explicitFileType = wrapper.application; includeInIndex = 0; path = UnionFindAlgorithm.app; sourceTree = BUILT_PRODUCTS_DIR; };
		3F1C0A631D3D947700E5D621 /* AppDelegate.swift */ = {isa = PBXFileReference; lastKnownFileType = sourcecode.swift; path = AppDelegate.swift; sourceTree = "<group>"; };
		3F1C0A651D3D947700E5D621 /* ViewController.swift */ = {isa = PBXFileReference; lastKnownFileType = sourcecode.swift; path = ViewController.swift; sourceTree = "<group>"; };
		3F1C0A681D3D947700E5D621 /* Base */ = {isa = PBXFileReference; lastKnownFileType = file.storyboard; name = Base; path = Base.lproj/Main.storyboard; sourceTree = "<group>"; };
		3F1C0A6A1D3D947700E5D621 /* Assets.xcassets */ = {isa = PBXFileReference; lastKnownFileType = folder.assetcatalog; path = Assets.xcassets; sourceTree = "<group>"; };
		3F1C0A6D1D3D947700E5D621 /* Base */ = {isa = PBXFileReference; lastKnownFileType = file.storyboard; name = Base; path = Base.lproj/LaunchScreen.storyboard; sourceTree = "<group>"; };
		3F1C0A6F1D3D947800E5D621 /* Info.plist */ = {isa = PBXFileReference; lastKnownFileType = text.plist.xml; path = Info.plist; sourceTree = "<group>"; };
		3F1C0A741D3D947800E5D621 /* UnionFindAlgorithmTests.xctest */ = {isa = PBXFileReference; explicitFileType = wrapper.cfbundle; includeInIndex = 0; path = UnionFindAlgorithmTests.xctest; sourceTree = BUILT_PRODUCTS_DIR; };
		3F1C0A781D3D947800E5D621 /* UnionFindAlgorithmTests.swift */ = {isa = PBXFileReference; lastKnownFileType = sourcecode.swift; path = UnionFindAlgorithmTests.swift; sourceTree = "<group>"; };
		3F1C0A7A1D3D947800E5D621 /* Info.plist */ = {isa = PBXFileReference; lastKnownFileType = text.plist.xml; path = Info.plist; sourceTree = "<group>"; };
		3F1C0A7F1D3D947800E5D621 /* UnionFindAlgorithmUITests.xctest */ = {isa = PBXFileReference; explicitFileType = wrapper.cfbundle; includeInIndex = 0; path = UnionFindAlgorithmUITests.xctest; sourceTree = BUILT_PRODUCTS_DIR; };
		3F1C0A831D3D947800E5D621 /* UnionFindAlgorithmUITests.swift */ = {isa = PBXFileReference; lastKnownFileType = sourcecode.swift; path = UnionFindAlgorithmUITests.swift; sourceTree = "<group>"; };
		3F1C0A851D3D947800E5D621 /* Info.plist */ = {isa = PBXFileReference; lastKnownFileType = text.plist.xml; path = Info.plist; sourceTree = "<group>"; };
		3F1C0A911D3D948E00E5D621 /* QuickFind.swift */ = {isa = PBXFileReference; fileEncoding = 4; lastKnownFileType = sourcecode.swift; path = QuickFind.swift; sourceTree = "<group>"; };
		3F1C0A931D3DD42300E5D621 /* QuickUnion.swift */ = {isa = PBXFileReference; fileEncoding = 4; lastKnownFileType = sourcecode.swift; path = QuickUnion.swift; sourceTree = "<group>"; };
/* End PBXFileReference section */

/* Begin PBXFrameworksBuildPhase section */
		3F1C0A5D1D3D947700E5D621 /* Frameworks */ = {
			isa = PBXFrameworksBuildPhase;
			buildActionMask = 2147483647;
			files = (
			);
			runOnlyForDeploymentPostprocessing = 0;
		};
		3F1C0A711D3D947800E5D621 /* Frameworks */ = {
			isa = PBXFrameworksBuildPhase;
			buildActionMask = 2147483647;
			files = (
			);
			runOnlyForDeploymentPostprocessing = 0;
		};
		3F1C0A7C1D3D947800E5D621 /* Frameworks */ = {
			isa = PBXFrameworksBuildPhase;
			buildActionMask = 2147483647;
			files = (
			);
			runOnlyForDeploymentPostprocessing = 0;
		};
/* End PBXFrameworksBuildPhase section */

/* Begin PBXGroup section */
		3F1C0A571D3D947700E5D621 = {
			isa = PBXGroup;
			children = (
				3F1C0A621D3D947700E5D621 /* UnionFindAlgorithm */,
				3F1C0A771D3D947800E5D621 /* UnionFindAlgorithmTests */,
				3F1C0A821D3D947800E5D621 /* UnionFindAlgorithmUITests */,
				3F1C0A611D3D947700E5D621 /* Products */,
			);
			sourceTree = "<group>";
		};
		3F1C0A611D3D947700E5D621 /* Products */ = {
			isa = PBXGroup;
			children = (
				3F1C0A601D3D947700E5D621 /* UnionFindAlgorithm.app */,
				3F1C0A741D3D947800E5D621 /* UnionFindAlgorithmTests.xctest */,
				3F1C0A7F1D3D947800E5D621 /* UnionFindAlgorithmUITests.xctest */,
			);
			name = Products;
			sourceTree = "<group>";
		};
		3F1C0A621D3D947700E5D621 /* UnionFindAlgorithm */ = {
			isa = PBXGroup;
			children = (
				3F1C0A631D3D947700E5D621 /* AppDelegate.swift */,
				3F1C0A651D3D947700E5D621 /* ViewController.swift */,
				3F1C0A911D3D948E00E5D621 /* QuickFind.swift */,
				3F1C0A931D3DD42300E5D621 /* QuickUnion.swift */,
				3F0BB48A1D3EEFED002E38DD /* WeigthedQuickUnion.swift */,
				3F0BB48C1D3EF4E5002E38DD /* WeightedQuickUnionFindWithPathCompression.swift */,
				3F1C0A671D3D947700E5D621 /* Main.storyboard */,
				3F1C0A6A1D3D947700E5D621 /* Assets.xcassets */,
				3F1C0A6C1D3D947700E5D621 /* LaunchScreen.storyboard */,
				3F1C0A6F1D3D947800E5D621 /* Info.plist */,
			);
			path = UnionFindAlgorithm;
			sourceTree = "<group>";
		};
		3F1C0A771D3D947800E5D621 /* UnionFindAlgorithmTests */ = {
			isa = PBXGroup;
			children = (
				3F1C0A781D3D947800E5D621 /* UnionFindAlgorithmTests.swift */,
				3F1C0A7A1D3D947800E5D621 /* Info.plist */,
			);
			path = UnionFindAlgorithmTests;
			sourceTree = "<group>";
		};
		3F1C0A821D3D947800E5D621 /* UnionFindAlgorithmUITests */ = {
			isa = PBXGroup;
			children = (
				3F1C0A831D3D947800E5D621 /* UnionFindAlgorithmUITests.swift */,
				3F1C0A851D3D947800E5D621 /* Info.plist */,
			);
			path = UnionFindAlgorithmUITests;
			sourceTree = "<group>";
		};
/* End PBXGroup section */

/* Begin PBXNativeTarget section */
		3F1C0A5F1D3D947700E5D621 /* UnionFindAlgorithm */ = {
			isa = PBXNativeTarget;
			buildConfigurationList = 3F1C0A881D3D947800E5D621 /* Build configuration list for PBXNativeTarget "UnionFindAlgorithm" */;
			buildPhases = (
				3F1C0A5C1D3D947700E5D621 /* Sources */,
				3F1C0A5D1D3D947700E5D621 /* Frameworks */,
				3F1C0A5E1D3D947700E5D621 /* Resources */,
			);
			buildRules = (
			);
			dependencies = (
			);
			name = UnionFindAlgorithm;
			productName = UnionFindAlgorithm;
			productReference = 3F1C0A601D3D947700E5D621 /* UnionFindAlgorithm.app */;
			productType = "com.apple.product-type.application";
		};
		3F1C0A731D3D947800E5D621 /* UnionFindAlgorithmTests */ = {
			isa = PBXNativeTarget;
			buildConfigurationList = 3F1C0A8B1D3D947800E5D621 /* Build configuration list for PBXNativeTarget "UnionFindAlgorithmTests" */;
			buildPhases = (
				3F1C0A701D3D947800E5D621 /* Sources */,
				3F1C0A711D3D947800E5D621 /* Frameworks */,
				3F1C0A721D3D947800E5D621 /* Resources */,
			);
			buildRules = (
			);
			dependencies = (
				3F1C0A761D3D947800E5D621 /* PBXTargetDependency */,
			);
			name = UnionFindAlgorithmTests;
			productName = UnionFindAlgorithmTests;
			productReference = 3F1C0A741D3D947800E5D621 /* UnionFindAlgorithmTests.xctest */;
			productType = "com.apple.product-type.bundle.unit-test";
		};
		3F1C0A7E1D3D947800E5D621 /* UnionFindAlgorithmUITests */ = {
			isa = PBXNativeTarget;
			buildConfigurationList = 3F1C0A8E1D3D947800E5D621 /* Build configuration list for PBXNativeTarget "UnionFindAlgorithmUITests" */;
			buildPhases = (
				3F1C0A7B1D3D947800E5D621 /* Sources */,
				3F1C0A7C1D3D947800E5D621 /* Frameworks */,
				3F1C0A7D1D3D947800E5D621 /* Resources */,
			);
			buildRules = (
			);
			dependencies = (
				3F1C0A811D3D947800E5D621 /* PBXTargetDependency */,
			);
			name = UnionFindAlgorithmUITests;
			productName = UnionFindAlgorithmUITests;
			productReference = 3F1C0A7F1D3D947800E5D621 /* UnionFindAlgorithmUITests.xctest */;
			productType = "com.apple.product-type.bundle.ui-testing";
		};
/* End PBXNativeTarget section */

/* Begin PBXProject section */
		3F1C0A581D3D947700E5D621 /* Project object */ = {
			isa = PBXProject;
			attributes = {
				LastSwiftUpdateCheck = 0730;
				LastUpgradeCheck = 0730;
				ORGANIZATIONNAME = LittleAuk;
				TargetAttributes = {
					3F1C0A5F1D3D947700E5D621 = {
						CreatedOnToolsVersion = 7.3.1;
					};
					3F1C0A731D3D947800E5D621 = {
						CreatedOnToolsVersion = 7.3.1;
						TestTargetID = 3F1C0A5F1D3D947700E5D621;
					};
					3F1C0A7E1D3D947800E5D621 = {
						CreatedOnToolsVersion = 7.3.1;
						TestTargetID = 3F1C0A5F1D3D947700E5D621;
					};
				};
			};
			buildConfigurationList = 3F1C0A5B1D3D947700E5D621 /* Build configuration list for PBXProject "UnionFindAlgorithm" */;
			compatibilityVersion = "Xcode 3.2";
			developmentRegion = English;
			hasScannedForEncodings = 0;
			knownRegions = (
				en,
				Base,
			);
			mainGroup = 3F1C0A571D3D947700E5D621;
			productRefGroup = 3F1C0A611D3D947700E5D621 /* Products */;
			projectDirPath = "";
			projectRoot = "";
			targets = (
				3F1C0A5F1D3D947700E5D621 /* UnionFindAlgorithm */,
				3F1C0A731D3D947800E5D621 /* UnionFindAlgorithmTests */,
				3F1C0A7E1D3D947800E5D621 /* UnionFindAlgorithmUITests */,
			);
		};
/* End PBXProject section */

/* Begin PBXResourcesBuildPhase section */
		3F1C0A5E1D3D947700E5D621 /* Resources */ = {
			isa = PBXResourcesBuildPhase;
			buildActionMask = 2147483647;
			files = (
				3F1C0A6E1D3D947700E5D621 /* LaunchScreen.storyboard in Resources */,
				3F1C0A6B1D3D947700E5D621 /* Assets.xcassets in Resources */,
				3F1C0A691D3D947700E5D621 /* Main.storyboard in Resources */,
			);
			runOnlyForDeploymentPostprocessing = 0;
		};
		3F1C0A721D3D947800E5D621 /* Resources */ = {
			isa = PBXResourcesBuildPhase;
			buildActionMask = 2147483647;
			files = (
			);
			runOnlyForDeploymentPostprocessing = 0;
		};
		3F1C0A7D1D3D947800E5D621 /* Resources */ = {
			isa = PBXResourcesBuildPhase;
			buildActionMask = 2147483647;
			files = (
			);
			runOnlyForDeploymentPostprocessing = 0;
		};
/* End PBXResourcesBuildPhase section */

/* Begin PBXSourcesBuildPhase section */
		3F1C0A5C1D3D947700E5D621 /* Sources */ = {
			isa = PBXSourcesBuildPhase;
			buildActionMask = 2147483647;
			files = (
				3F1C0A661D3D947700E5D621 /* ViewController.swift in Sources */,
				3F0BB48B1D3EEFED002E38DD /* WeigthedQuickUnion.swift in Sources */,
				3F1C0A941D3DD42300E5D621 /* QuickUnion.swift in Sources */,
				3F0BB48D1D3EF4E5002E38DD /* WeightedQuickUnionFindWithPathCompression.swift in Sources */,
				3F1C0A921D3D948E00E5D621 /* QuickFind.swift in Sources */,
				3F1C0A641D3D947700E5D621 /* AppDelegate.swift in Sources */,
			);
			runOnlyForDeploymentPostprocessing = 0;
		};
		3F1C0A701D3D947800E5D621 /* Sources */ = {
			isa = PBXSourcesBuildPhase;
			buildActionMask = 2147483647;
			files = (
				3F1C0A791D3D947800E5D621 /* UnionFindAlgorithmTests.swift in Sources */,
			);
			runOnlyForDeploymentPostprocessing = 0;
		};
		3F1C0A7B1D3D947800E5D621 /* Sources */ = {
			isa = PBXSourcesBuildPhase;
			buildActionMask = 2147483647;
			files = (
				3F1C0A841D3D947800E5D621 /* UnionFindAlgorithmUITests.swift in Sources */,
			);
			runOnlyForDeploymentPostprocessing = 0;
		};
/* End PBXSourcesBuildPhase section */

/* Begin PBXTargetDependency section */
		3F1C0A761D3D947800E5D621 /* PBXTargetDependency */ = {
			isa = PBXTargetDependency;
			target = 3F1C0A5F1D3D947700E5D621 /* UnionFindAlgorithm */;
			targetProxy = 3F1C0A751D3D947800E5D621 /* PBXContainerItemProxy */;
		};
		3F1C0A811D3D947800E5D621 /* PBXTargetDependency */ = {
			isa = PBXTargetDependency;
			target = 3F1C0A5F1D3D947700E5D621 /* UnionFindAlgorithm */;
			targetProxy = 3F1C0A801D3D947800E5D621 /* PBXContainerItemProxy */;
		};
/* End PBXTargetDependency section */

/* Begin PBXVariantGroup section */
		3F1C0A671D3D947700E5D621 /* Main.storyboard */ = {
			isa = PBXVariantGroup;
			children = (
				3F1C0A681D3D947700E5D621 /* Base */,
			);
			name = Main.storyboard;
			sourceTree = "<group>";
		};
		3F1C0A6C1D3D947700E5D621 /* LaunchScreen.storyboard */ = {
			isa = PBXVariantGroup;
			children = (
				3F1C0A6D1D3D947700E5D621 /* Base */,
			);
			name = LaunchScreen.storyboard;
			sourceTree = "<group>";
		};
/* End PBXVariantGroup section */

/* Begin XCBuildConfiguration section */
		3F1C0A861D3D947800E5D621 /* Debug */ = {
			isa = XCBuildConfiguration;
			buildSettings = {
				ALWAYS_SEARCH_USER_PATHS = NO;
				CLANG_ANALYZER_NONNULL = YES;
				CLANG_CXX_LANGUAGE_STANDARD = "gnu++0x";
				CLANG_CXX_LIBRARY = "libc++";
				CLANG_ENABLE_MODULES = YES;
				CLANG_ENABLE_OBJC_ARC = YES;
				CLANG_WARN_BOOL_CONVERSION = YES;
				CLANG_WARN_CONSTANT_CONVERSION = YES;
				CLANG_WARN_DIRECT_OBJC_ISA_USAGE = YES_ERROR;
				CLANG_WARN_EMPTY_BODY = YES;
				CLANG_WARN_ENUM_CONVERSION = YES;
				CLANG_WARN_INT_CONVERSION = YES;
				CLANG_WARN_OBJC_ROOT_CLASS = YES_ERROR;
				CLANG_WARN_UNREACHABLE_CODE = YES;
				CLANG_WARN__DUPLICATE_METHOD_MATCH = YES;
				"CODE_SIGN_IDENTITY[sdk=iphoneos*]" = "iPhone Developer";
				COPY_PHASE_STRIP = NO;
				DEBUG_INFORMATION_FORMAT = dwarf;
				ENABLE_STRICT_OBJC_MSGSEND = YES;
				ENABLE_TESTABILITY = YES;
				GCC_C_LANGUAGE_STANDARD = gnu99;
				GCC_DYNAMIC_NO_PIC = NO;
				GCC_NO_COMMON_BLOCKS = YES;
				GCC_OPTIMIZATION_LEVEL = 0;
				GCC_PREPROCESSOR_DEFINITIONS = (
					"DEBUG=1",
					"$(inherited)",
				);
				GCC_WARN_64_TO_32_BIT_CONVERSION = YES;
				GCC_WARN_ABOUT_RETURN_TYPE = YES_ERROR;
				GCC_WARN_UNDECLARED_SELECTOR = YES;
				GCC_WARN_UNINITIALIZED_AUTOS = YES_AGGRESSIVE;
				GCC_WARN_UNUSED_FUNCTION = YES;
				GCC_WARN_UNUSED_VARIABLE = YES;
				IPHONEOS_DEPLOYMENT_TARGET = 9.3;
				MTL_ENABLE_DEBUG_INFO = YES;
				ONLY_ACTIVE_ARCH = YES;
				SDKROOT = iphoneos;
				SWIFT_OPTIMIZATION_LEVEL = "-Onone";
			};
			name = Debug;
		};
		3F1C0A871D3D947800E5D621 /* Release */ = {
			isa = XCBuildConfiguration;
			buildSettings = {
				ALWAYS_SEARCH_USER_PATHS = NO;
				CLANG_ANALYZER_NONNULL = YES;
				CLANG_CXX_LANGUAGE_STANDARD = "gnu++0x";
				CLANG_CXX_LIBRARY = "libc++";
				CLANG_ENABLE_MODULES = YES;
				CLANG_ENABLE_OBJC_ARC = YES;
				CLANG_WARN_BOOL_CONVERSION = YES;
				CLANG_WARN_CONSTANT_CONVERSION = YES;
				CLANG_WARN_DIRECT_OBJC_ISA_USAGE = YES_ERROR;
				CLANG_WARN_EMPTY_BODY = YES;
				CLANG_WARN_ENUM_CONVERSION = YES;
				CLANG_WARN_INT_CONVERSION = YES;
				CLANG_WARN_OBJC_ROOT_CLASS = YES_ERROR;
				CLANG_WARN_UNREACHABLE_CODE = YES;
				CLANG_WARN__DUPLICATE_METHOD_MATCH = YES;
				"CODE_SIGN_IDENTITY[sdk=iphoneos*]" = "iPhone Developer";
				COPY_PHASE_STRIP = NO;
				DEBUG_INFORMATION_FORMAT = "dwarf-with-dsym";
				ENABLE_NS_ASSERTIONS = NO;
				ENABLE_STRICT_OBJC_MSGSEND = YES;
				GCC_C_LANGUAGE_STANDARD = gnu99;
				GCC_NO_COMMON_BLOCKS = YES;
				GCC_WARN_64_TO_32_BIT_CONVERSION = YES;
				GCC_WARN_ABOUT_RETURN_TYPE = YES_ERROR;
				GCC_WARN_UNDECLARED_SELECTOR = YES;
				GCC_WARN_UNINITIALIZED_AUTOS = YES_AGGRESSIVE;
				GCC_WARN_UNUSED_FUNCTION = YES;
				GCC_WARN_UNUSED_VARIABLE = YES;
				IPHONEOS_DEPLOYMENT_TARGET = 9.3;
				MTL_ENABLE_DEBUG_INFO = NO;
				SDKROOT = iphoneos;
				VALIDATE_PRODUCT = YES;
			};
			name = Release;
		};
		3F1C0A891D3D947800E5D621 /* Debug */ = {
			isa = XCBuildConfiguration;
			buildSettings = {
				ASSETCATALOG_COMPILER_APPICON_NAME = AppIcon;
				INFOPLIST_FILE = UnionFindAlgorithm/Info.plist;
				LD_RUNPATH_SEARCH_PATHS = "$(inherited) @executable_path/Frameworks";
				PRODUCT_BUNDLE_IDENTIFIER = com.littleAuk.www.UnionFindAlgorithm;
				PRODUCT_NAME = "$(TARGET_NAME)";
			};
			name = Debug;
		};
		3F1C0A8A1D3D947800E5D621 /* Release */ = {
			isa = XCBuildConfiguration;
			buildSettings = {
				ASSETCATALOG_COMPILER_APPICON_NAME = AppIcon;
				INFOPLIST_FILE = UnionFindAlgorithm/Info.plist;
				LD_RUNPATH_SEARCH_PATHS = "$(inherited) @executable_path/Frameworks";
				PRODUCT_BUNDLE_IDENTIFIER = com.littleAuk.www.UnionFindAlgorithm;
				PRODUCT_NAME = "$(TARGET_NAME)";
			};
			name = Release;
		};
		3F1C0A8C1D3D947800E5D621 /* Debug */ = {
			isa = XCBuildConfiguration;
			buildSettings = {
				BUNDLE_LOADER = "$(TEST_HOST)";
				INFOPLIST_FILE = UnionFindAlgorithmTests/Info.plist;
				LD_RUNPATH_SEARCH_PATHS = "$(inherited) @executable_path/Frameworks @loader_path/Frameworks";
				PRODUCT_BUNDLE_IDENTIFIER = com.littleAuk.www.UnionFindAlgorithmTests;
				PRODUCT_NAME = "$(TARGET_NAME)";
				TEST_HOST = "$(BUILT_PRODUCTS_DIR)/UnionFindAlgorithm.app/UnionFindAlgorithm";
			};
			name = Debug;
		};
		3F1C0A8D1D3D947800E5D621 /* Release */ = {
			isa = XCBuildConfiguration;
			buildSettings = {
				BUNDLE_LOADER = "$(TEST_HOST)";
				INFOPLIST_FILE = UnionFindAlgorithmTests/Info.plist;
				LD_RUNPATH_SEARCH_PATHS = "$(inherited) @executable_path/Frameworks @loader_path/Frameworks";
				PRODUCT_BUNDLE_IDENTIFIER = com.littleAuk.www.UnionFindAlgorithmTests;
				PRODUCT_NAME = "$(TARGET_NAME)";
				TEST_HOST = "$(BUILT_PRODUCTS_DIR)/UnionFindAlgorithm.app/UnionFindAlgorithm";
			};
			name = Release;
		};
		3F1C0A8F1D3D947800E5D621 /* Debug */ = {
			isa = XCBuildConfiguration;
			buildSettings = {
				INFOPLIST_FILE = UnionFindAlgorithmUITests/Info.plist;
				LD_RUNPATH_SEARCH_PATHS = "$(inherited) @executable_path/Frameworks @loader_path/Frameworks";
				PRODUCT_BUNDLE_IDENTIFIER = com.littleAuk.www.UnionFindAlgorithmUITests;
				PRODUCT_NAME = "$(TARGET_NAME)";
				TEST_TARGET_NAME = UnionFindAlgorithm;
			};
			name = Debug;
		};
		3F1C0A901D3D947800E5D621 /* Release */ = {
			isa = XCBuildConfiguration;
			buildSettings = {
				INFOPLIST_FILE = UnionFindAlgorithmUITests/Info.plist;
				LD_RUNPATH_SEARCH_PATHS = "$(inherited) @executable_path/Frameworks @loader_path/Frameworks";
				PRODUCT_BUNDLE_IDENTIFIER = com.littleAuk.www.UnionFindAlgorithmUITests;
				PRODUCT_NAME = "$(TARGET_NAME)";
				TEST_TARGET_NAME = UnionFindAlgorithm;
			};
			name = Release;
		};
/* End XCBuildConfiguration section */

/* Begin XCConfigurationList section */
		3F1C0A5B1D3D947700E5D621 /* Build configuration list for PBXProject "UnionFindAlgorithm" */ = {
			isa = XCConfigurationList;
			buildConfigurations = (
				3F1C0A861D3D947800E5D621 /* Debug */,
				3F1C0A871D3D947800E5D621 /* Release */,
			);
			defaultConfigurationIsVisible = 0;
			defaultConfigurationName = Release;
		};
		3F1C0A881D3D947800E5D621 /* Build configuration list for PBXNativeTarget "UnionFindAlgorithm" */ = {
			isa = XCConfigurationList;
			buildConfigurations = (
				3F1C0A891D3D947800E5D621 /* Debug */,
				3F1C0A8A1D3D947800E5D621 /* Release */,
			);
			defaultConfigurationIsVisible = 0;
			defaultConfigurationName = Release;
		};
		3F1C0A8B1D3D947800E5D621 /* Build configuration list for PBXNativeTarget "UnionFindAlgorithmTests" */ = {
			isa = XCConfigurationList;
			buildConfigurations = (
				3F1C0A8C1D3D947800E5D621 /* Debug */,
				3F1C0A8D1D3D947800E5D621 /* Release */,
			);
			defaultConfigurationIsVisible = 0;
			defaultConfigurationName = Release;
		};
		3F1C0A8E1D3D947800E5D621 /* Build configuration list for PBXNativeTarget "UnionFindAlgorithmUITests" */ = {
			isa = XCConfigurationList;
			buildConfigurations = (
				3F1C0A8F1D3D947800E5D621 /* Debug */,
				3F1C0A901D3D947800E5D621 /* Release */,
			);
			defaultConfigurationIsVisible = 0;
			defaultConfigurationName = Release;
		};
/* End XCConfigurationList section */
	};
	rootObject = 3F1C0A581D3D947700E5D621 /* Project object */;
}
